lockfileVersion: '9.0'

settings:
  autoInstallPeers: true
  excludeLinksFromLockfile: false

importers:

  .:
    dependencies:
      '@amap/amap-jsapi-loader':
        specifier: ^1.0.1
        version: 1.0.1
      '@howdyjs/mouse-menu':
        specifier: ^2.1.6
        version: 2.1.6(vue@3.5.13)
      '@infectoone/vue-ganttastic':
        specifier: ^2.3.2
        version: 2.3.2(dayjs@1.11.13)(vue@3.5.13)
      '@logicflow/core':
        specifier: ^2.0.11
        version: 2.0.11
      '@logicflow/extension':
        specifier: ^2.0.15
        version: 2.0.15(@logicflow/core@2.0.11)
      animate.css:
        specifier: ^4.1.1
        version: 4.1.1
      axios:
        specifier: ^1.8.2
        version: 1.8.2
      cropperjs:
        specifier: ^2.0.0
        version: 2.0.0
      dayjs:
        specifier: ^1.11.13
        version: 1.11.13
      echarts:
        specifier: ^5.6.0
        version: 5.6.0
      vue:
        specifier: ^3.5.13
        version: 3.5.13
      vue-router:
        specifier: ^4.5.0
        version: 4.5.0(vue@3.5.13)

packages:

  '@amap/amap-jsapi-loader@1.0.1':
    resolution: {integrity: sha512-nPyLKt7Ow/ThHLkSvn2etQlUzqxmTVgK7bIgwdBRTg2HK5668oN7xVxkaiRe3YZEzGzfV2XgH5Jmu2T73ljejw==}

  '@antv/hierarchy@0.6.14':
    resolution: {integrity: sha512-V3uknf7bhynOqQDw2sg+9r9DwZ9pc6k/EcqyTFdfXB1+ydr7urisP0MipIuimucvQKN+Qkd+d6w601r1UIroqQ==}

  '@babel/helper-string-parser@7.25.9':
    resolution: {integrity: sha512-4A/SCr/2KLd5jrtOMFzaKjVtAei3+2r/NChoBNoZ3EyP/+GlhoaEGoWOZUmFmoITP7zOJyHIMm+DYRd8o3PvHA==}
    engines: {node: '>=6.9.0'}

  '@babel/helper-validator-identifier@7.25.9':
    resolution: {integrity: sha512-Ed61U6XJc3CVRfkERJWDz4dJwKe7iLmmJsbOGu9wSloNSFttHV0I8g6UAgb7qnK5ly5bGLPd4oXZlxCdANBOWQ==}
    engines: {node: '>=6.9.0'}

  '@babel/parser@7.26.9':
    resolution: {integrity: sha512-81NWa1njQblgZbQHxWHpxxCzNsa3ZwvFqpUg7P+NNUU6f3UU2jBEg4OlF/J6rl8+PQGh1q6/zWScd001YwcA5A==}
    engines: {node: '>=6.0.0'}
    hasBin: true

  '@babel/types@7.26.9':
    resolution: {integrity: sha512-Y3IR1cRnOxOCDvMmNiym7XpXQ93iGDDPHx+Zj+NM+rg0fBaShfQLkg+hKPaZCEvg5N/LeCo4+Rj/i3FuJsIQaw==}
    engines: {node: '>=6.9.0'}

  '@cropper/element-canvas@2.0.0':
    resolution: {integrity: sha512-GPtGJgSm92crJhhhwUsaMw3rz2KfJWWSz7kRAlufFEV/EHTP5+6r6/Z1BCGRna830i+Avqbm435XLOtA7PVJwA==}

  '@cropper/element-crosshair@2.0.0':
    resolution: {integrity: sha512-KfPfyrdeFvUC31Ws7ATtcalWWSaMtrC6bMoCipZhqbUOE7wZoL4ecDSL6BUOZxPa74awZUqfzirCDjHvheBfyw==}

  '@cropper/element-grid@2.0.0':
    resolution: {integrity: sha512-i78SQ0IJTLFveKX6P7svkfMYVdgHrQ8ZmmEw8keFy9n1ZVbK+SK0UHK5FNMRNI/gtVhKJOGEnK/zeyjUdj4Iyw==}

  '@cropper/element-handle@2.0.0':
    resolution: {integrity: sha512-ZJvW+0MkK9E8xYymGdoruaQn2kwjSHFpNSWinjyq6csuVQiCPxlX5ovAEDldmZ9MWePPtWEi3vLKQOo2Yb0T8g==}

  '@cropper/element-image@2.0.0':
    resolution: {integrity: sha512-9BxiTS/aHRmrjopaFQb9mQQXmx4ruhYHGkDZMVz24AXpMFjUY6OpqrWse/WjzD9tfhMFvEdu17b3VAekcAgpeg==}

  '@cropper/element-selection@2.0.0':
    resolution: {integrity: sha512-ensNnbIfJsJ8bhbJTH/RXtk2URFvTOO4TvfRk461n2FPEC588D7rwBmUJxQg74IiTi4y1JbCI+6j+4LyzYBLCQ==}

  '@cropper/element-shade@2.0.0':
    resolution: {integrity: sha512-jv/2bbNZnhU4W+T4G0c8ADocLIZvQFTXgCf2RFDNhI5UVxurzWBnDdb8Mx8LnVplnkTqO+xUmHZYve0CwgWo+Q==}

  '@cropper/element-viewer@2.0.0':
    resolution: {integrity: sha512-zY+3VRN5TvpM8twlphYtXw0tzJL2VgzeK7ufhL1BixVqOdRxwP13TprYIhqwGt9EW/SyJZUiaIu396T89kRX8A==}

  '@cropper/element@2.0.0':
    resolution: {integrity: sha512-lsthn0nQq73GExUE7Mg/ss6Q3RXADGDv055hxoLFwvl/wGHgy6ZkYlfLZ/VmgBHC6jDK5IgPBFnqrPqlXWSGBA==}

  '@cropper/elements@2.0.0':
    resolution: {integrity: sha512-PQkPo1nUjxLFUQuHYu+6atfHxpX9B41Xribao6wpvmvmNIFML6LQdNqqWYb6LyM7ujsu71CZdBiMT5oetjJVoQ==}

  '@cropper/utils@2.0.0':
    resolution: {integrity: sha512-cprLYr+7kK3faGgoOsTW9gIn5sefDr2KwOmgyjzIXk+8PLpW8FgFKEg5FoWfRD5zMAmkCBuX6rGKDK3VdUEGrg==}

  '@howdyjs/mouse-menu@2.1.6':
    resolution: {integrity: sha512-19TjOfX9p9KUOMVlThkSTAA4KfqHvrEFGTCwFVPREOjpBommFSnaXmf7mHGdoahJsGdBMAijGFoe68E/MpmnNw==}
    peerDependencies:
      vue: '>=3.0.0'

  '@infectoone/vue-ganttastic@2.3.2':
    resolution: {integrity: sha512-krxHdlZvo4cdS4axQ99qb756RzwieI7LcyY2vAIehJ5Sxd/jz5Pu/vTplTC0Rxqj8T4v1knYPK9uvTMkQYWYng==}
    peerDependencies:
      dayjs: ^1.11.5
      vue: ^3.2.40

  '@jridgewell/sourcemap-codec@1.5.0':
    resolution: {integrity: sha512-gv3ZRaISU3fjPAgNsriBRqGWQL6quFx04YMPW/zD8XMLsU32mhCCbfbO6KZFLjvYpCZ8zyDEgqsgf+PwPaM7GQ==}

  '@logicflow/core@2.0.11':
    resolution: {integrity: sha512-SCKfeev3h7aYAbRiQTuSigOnUF6Qv9usww1I7Btuwka2DFhVZ0K4Rhdu+QJTYM38bp5lfn8qXKZPAVvKEAHaAw==}

  '@logicflow/extension@2.0.15':
    resolution: {integrity: sha512-LXIgRsSa2Qfz+qH+Gm1OpHVfQzuPp0peGJX+ll+YG/V9lbj8GOISe8m3glPEjONUfHe379z0LxTsqMRH46h/Rg==}
    peerDependencies:
      '@logicflow/core': 2.0.11

  '@sphinxxxx/color-conversion@2.2.2':
    resolution: {integrity: sha512-XExJS3cLqgrmNBIP3bBw6+1oQ1ksGjFh0+oClDKFYpCCqx/hlqwWO5KO/S63fzUo67SxI9dMrF0y5T/Ey7h8Zw==}

  '@types/web-bluetooth@0.0.16':
    resolution: {integrity: sha512-oh8q2Zc32S6gd/j50GowEjKLoOVOwHP/bWVjKJInBwQqdOYMdPrf1oVlelTlyfFK3CKxL1uahMDAr+vy8T7yMQ==}

  '@vue/compiler-core@3.5.13':
    resolution: {integrity: sha512-oOdAkwqUfW1WqpwSYJce06wvt6HljgY3fGeM9NcVA1HaYOij3mZG9Rkysn0OHuyUAGMbEbARIpsG+LPVlBJ5/Q==}

  '@vue/compiler-dom@3.5.13':
    resolution: {integrity: sha512-ZOJ46sMOKUjO3e94wPdCzQ6P1Lx/vhp2RSvfaab88Ajexs0AHeV0uasYhi99WPaogmBlRHNRuly8xV75cNTMDA==}

  '@vue/compiler-sfc@3.5.13':
    resolution: {integrity: sha512-6VdaljMpD82w6c2749Zhf5T9u5uLBWKnVue6XWxprDobftnletJ8+oel7sexFfM3qIxNmVE7LSFGTpv6obNyaQ==}

  '@vue/compiler-ssr@3.5.13':
    resolution: {integrity: sha512-wMH6vrYHxQl/IybKJagqbquvxpWCuVYpoUJfCqFZwa/JY1GdATAQ+TgVtgrwwMZ0D07QhA99rs/EAAWfvG6KpA==}

  '@vue/devtools-api@6.6.4':
    resolution: {integrity: sha512-sGhTPMuXqZ1rVOk32RylztWkfXTRhuS7vgAKv0zjqk8gbsHkJ7xfFf+jbySxt7tWObEJwyKaHMikV/WGDiQm8g==}

  '@vue/reactivity@3.5.13':
    resolution: {integrity: sha512-NaCwtw8o48B9I6L1zl2p41OHo/2Z4wqYGGIK1Khu5T7yxrn+ATOixn/Udn2m+6kZKB/J7cuT9DbWWhRxqixACg==}

  '@vue/runtime-core@3.5.13':
    resolution: {integrity: sha512-Fj4YRQ3Az0WTZw1sFe+QDb0aXCerigEpw418pw1HBUKFtnQHWzwojaukAs2X/c9DQz4MQ4bsXTGlcpGxU/RCIw==}

  '@vue/runtime-dom@3.5.13':
    resolution: {integrity: sha512-dLaj94s93NYLqjLiyFzVs9X6dWhTdAlEAciC3Moq7gzAc13VJUdCnjjRurNM6uTLFATRHexHCTu/Xp3eW6yoog==}

  '@vue/server-renderer@3.5.13':
    resolution: {integrity: sha512-wAi4IRJV/2SAW3htkTlB+dHeRmpTiVIK1OGLWV1yeStVSebSQQOwGwIq0D3ZIoBj2C2qpgz5+vX9iEBkTdk5YA==}
    peerDependencies:
      vue: 3.5.13

  '@vue/shared@3.5.13':
    resolution: {integrity: sha512-/hnE/qP5ZoGpol0a5mDi45bOd7t3tjYJBjsgCsivow7D48cJeV5l05RD82lPqi7gRiphZM37rnhW1l6ZoCNNnQ==}

  '@vueuse/core@9.13.0':
    resolution: {integrity: sha512-pujnclbeHWxxPRqXWmdkKV5OX4Wk4YeK7wusHqRwU0Q7EFusHoqNA/aPhB6KCh9hEqJkLAJo7bb0Lh9b+OIVzw==}

  '@vueuse/metadata@9.13.0':
    resolution: {integrity: sha512-gdU7TKNAUVlXXLbaF+ZCfte8BjRJQWPCa2J55+7/h+yDtzw3vOoGQDRXzI6pyKyo6bXFT5/QoPE4hAknExjRLQ==}

  '@vueuse/shared@9.13.0':
    resolution: {integrity: sha512-UrnhU+Cnufu4S6JLCPZnkWh0WwZGUp72ktOF2DFptMlOs3TOdVv8xJN53zhHGARmVOsz5KqOls09+J1NR6sBKw==}

  animate.css@4.1.1:
    resolution: {integrity: sha512-+mRmCTv6SbCmtYJCN4faJMNFVNN5EuCTTprDTAo7YzIGji2KADmakjVA3+8mVDkZ2Bf09vayB35lSQIex2+QaQ==}

  asynckit@0.4.0:
    resolution: {integrity: sha512-Oei9OH4tRh0YqU3GxhX79dM/mwVgvbZJaSNaRk+bshkj0S5cfHcgYakreBjrHwatXKbz+IoIdYLxrKim2MjW0Q==}

  axios@1.8.2:
    resolution: {integrity: sha512-ls4GYBm5aig9vWx8AWDSGLpnpDQRtWAfrjU+EuytuODrFBkqesN2RkOQCBzrA1RQNHw1SmRMSDDDSwzNAYQ6Rg==}

  call-bind-apply-helpers@1.0.2:
    resolution: {integrity: sha512-Sp1ablJ0ivDkSzjcaJdxEunN5/XvksFJ2sMBFfq6x0ryhQV/2b/KwFe21cMpmHtPOSij8K99/wSfoEuTObmuMQ==}
    engines: {node: '>= 0.4'}

  classnames@2.5.1:
    resolution: {integrity: sha512-saHYOzhIQs6wy2sVxTM6bUDsQO4F50V9RQ22qBpEdCW+I+/Wmke2HOl6lS6dTpdxVhb88/I6+Hs+438c3lfUow==}

  combined-stream@1.0.8:
    resolution: {integrity: sha512-FQN4MRfuJeHf7cBbBMJFXhKSDq+2kAArBlmRBvcvFE5BB1HZKXtSFASDhdlz9zOYwxh8lDdnvmMOe/+5cdoEdg==}
    engines: {node: '>= 0.8'}

  cropperjs@2.0.0:
    resolution: {integrity: sha512-TO2j0Qre01kPHbow4FuTrbdEB4jTmGRySxW49jyEIqlJZuEBfrvCTT0vC3eRB2WBXudDfKi1Onako6DKWKxeAQ==}

  csstype@3.1.3:
    resolution: {integrity: sha512-M1uQkMl8rQK/szD0LNhtqxIPLpimGm8sOBwU7lLnCpSbTyY3yeU1Vc7l4KT5zT4s/yOxHH5O7tIuuLOCnLADRw==}

  dayjs@1.11.13:
    resolution: {integrity: sha512-oaMBel6gjolK862uaPQOVTA7q3TZhuSvuMQAAglQDOWYO9A91IrAOUJEyKVlqJlHE0vq5p5UXxzdPfMH/x6xNg==}

  delayed-stream@1.0.0:
    resolution: {integrity: sha512-ZySD7Nf91aLB0RxL4KGrKHBXl7Eds1DAmEdcoVawXnLD7SDhpNgtuII2aAkg7a7QS41jxPSZ17p4VdGnMHk3MQ==}
    engines: {node: '>=0.4.0'}

  dunder-proto@1.0.1:
    resolution: {integrity: sha512-KIN/nDJBQRcXw0MLVhZE9iQHmG68qAVIBg9CqmUYjmQIhgij9U5MFvrqkUL5FbtyyzZuOeOt0zdeRe4UY7ct+A==}
    engines: {node: '>= 0.4'}

  echarts@5.6.0:
    resolution: {integrity: sha512-oTbVTsXfKuEhxftHqL5xprgLoc0k7uScAwtryCgWF6hPYFLRwOUHiFmHGCBKP5NPFNkDVopOieyUqYGH8Fa3kA==}

  entities@4.5.0:
    resolution: {integrity: sha512-V0hjH4dGPh9Ao5p0MoRY6BVqtwCjhz6vI5LT8AJ55H+4g9/4vbHx1I54fS0XuclLhDHArPQCiMjDxjaL8fPxhw==}
    engines: {node: '>=0.12'}

  es-define-property@1.0.1:
    resolution: {integrity: sha512-e3nRfgfUZ4rNGL232gUgX06QNyyez04KdjFrF+LTRoOXmrOgFKDg4BCdsjW8EnT69eqdYGmRpJwiPVYNrCaW3g==}
    engines: {node: '>= 0.4'}

  es-errors@1.3.0:
    resolution: {integrity: sha512-Zf5H2Kxt2xjTvbJvP2ZWLEICxA6j+hAmMzIlypy4xcBg1vKVnx89Wy0GbS+kf5cwCVFFzdCFh2XSCFNULS6csw==}
    engines: {node: '>= 0.4'}

  es-object-atoms@1.1.1:
    resolution: {integrity: sha512-FGgH2h8zKNim9ljj7dankFPcICIK9Cp5bm+c2gQSYePhpaG5+esrLODihIorn+Pe6FGJzWhXQotPv73jTaldXA==}
    engines: {node: '>= 0.4'}

  es-set-tostringtag@2.1.0:
    resolution: {integrity: sha512-j6vWzfrGVfyXxge+O0x5sh6cvxAog0a/4Rdd2K36zCMV5eJ+/+tOAngRO8cODMNWbVRdVlmGZQL2YS3yR8bIUA==}
    engines: {node: '>= 0.4'}

  estree-walker@2.0.2:
    resolution: {integrity: sha512-Rfkk/Mp/DL7JVje3u18FxFujQlTNR2q6QfMSMB7AvCBx91NGj/ba3kCfza0f6dVDbw7YlRf/nDrn7pQrCCyQ/w==}

  follow-redirects@1.15.9:
    resolution: {integrity: sha512-gew4GsXizNgdoRyqmyfMHyAmXsZDk6mHkSxZFCzW9gwlbtOW44CDtYavM+y+72qD/Vq2l550kMF52DT8fOLJqQ==}
    engines: {node: '>=4.0'}
    peerDependencies:
      debug: '*'
    peerDependenciesMeta:
      debug:
        optional: true

  form-data@4.0.2:
    resolution: {integrity: sha512-hGfm/slu0ZabnNt4oaRZ6uREyfCj6P4fT/n6A1rGV+Z0VdGXjfOhVUpkn6qVQONHGIFwmveGXyDs75+nr6FM8w==}
    engines: {node: '>= 6'}

  function-bind@1.1.2:
    resolution: {integrity: sha512-7XHNxH7qX9xG5mIwxkhumTox/MIRNcOgDrxWsMt2pAr23WHp6MrRlN7FBSFpCpr+oVO0F744iUgR82nJMfG2SA==}

  get-intrinsic@1.3.0:
    resolution: {integrity: sha512-9fSjSaos/fRIVIp+xSJlE6lfwhES7LNtKaCBIamHsjr2na1BiABJPo0mOjjz8GJDURarmCPGqaiVg5mfjb98CQ==}
    engines: {node: '>= 0.4'}

  get-proto@1.0.1:
    resolution: {integrity: sha512-sTSfBjoXBp89JvIKIefqw7U2CCebsc74kiY6awiGogKtoSGbgjYE/G/+l9sF3MWFPNc9IcoOC4ODfKHfxFmp0g==}
    engines: {node: '>= 0.4'}

  gopd@1.2.0:
    resolution: {integrity: sha512-ZUKRh6/kUFoAiTAtTYPZJ3hw9wNxx+BIBOijnlG9PnrJsCcSjs1wyyD6vJpaYtgnzDrKYRSqf3OO6Rfa93xsRg==}
    engines: {node: '>= 0.4'}

  has-symbols@1.1.0:
    resolution: {integrity: sha512-1cDNdwJ2Jaohmb3sg4OmKaMBwuC48sYni5HUw2DvsC8LjGTLK9h+eb1X6RyuOHe4hT0ULCW68iomhjUoKUqlPQ==}
    engines: {node: '>= 0.4'}

  has-tostringtag@1.0.2:
    resolution: {integrity: sha512-NqADB8VjPFLM2V0VvHUewwwsw0ZWBaIdgo+ieHtK3hasLz4qeCRjYcqfB6AQrBggRKppKF8L52/VqdVsO47Dlw==}
    engines: {node: '>= 0.4'}

  hasown@2.0.2:
    resolution: {integrity: sha512-0hJU9SCPvmMzIBdZFqNPXWa6dqh7WdH0cII9y+CyS8rG3nL48Bclra9HmKhVVUHyPWNH5Y7xDwAB7bfgSjkUMQ==}
    engines: {node: '>= 0.4'}

  hoist-non-react-statics@2.5.5:
    resolution: {integrity: sha512-rqcy4pJo55FTTLWt+bU8ukscqHeE/e9KWvsOW2b/a3afxQZhwkQdT1rPPCJ0rYXdj4vNcasY8zHTH+jF/qStxw==}

  lodash-es@4.17.21:
    resolution: {integrity: sha512-mKnC+QJ9pWVzv+C4/U3rRsHapFfHvQFoFB92e52xeyGMcX6/OlIl78je1u8vePzYZSkkogMPJ2yjxxsb89cxyw==}

  magic-string@0.30.17:
    resolution: {integrity: sha512-sNPKHvyjVf7gyjwS4xGTaW/mCnF8wnjtifKBEhxfZ7E/S8tQ0rssrwGNn6q8JH/ohItJfSQp9mBtQYuTlH5QnA==}

  math-intrinsics@1.1.0:
    resolution: {integrity: sha512-/IXtbwEk5HTPyEwyKX6hGkYXxM9nbj64B+ilVJnC/R6B0pH5G4V3b0pVbL7DBj4tkhBAppbQUlf6F6Xl9LHu1g==}
    engines: {node: '>= 0.4'}

  medium-editor@5.23.3:
    resolution: {integrity: sha512-he9/TdjX8f8MGdXGfCs8AllrYnqXJJvjNkDKmPg3aPW/uoIrlRqtkFthrwvmd+u4QyzEiadhCCM0EwTiRdUCJw==}

  mime-db@1.52.0:
    resolution: {integrity: sha512-sPU4uV7dYlvtWJxwwxHD0PuihVNiE7TyAbQ5SWxDCB9mUYvOgroQOwYQQOKPJ8CIbE+1ETVlOoK1UC2nU3gYvg==}
    engines: {node: '>= 0.6'}

  mime-types@2.1.35:
    resolution: {integrity: sha512-ZDY+bPm5zTTF+YpCrAU9nK0UgICYPT0QtT1NZWFv4s++TNkcgVaT0g6+4R2uI4MjQjzysHB1zxuWL50hzaeXiw==}
    engines: {node: '>= 0.6'}

  mobx-preact@3.0.0:
    resolution: {integrity: sha512-ijan/cBs3WmRye87E5+3JmoFBB00KDAwNA3pm7bMwYLPHBAXlN86aC3gdrXw8aKzM5RI8V3a993PphzPv6P4FA==}
    peerDependencies:
      mobx: 5.x
      preact: '>=8'

  mobx-utils@5.6.2:
    resolution: {integrity: sha512-a/WlXyGkp6F12b01sTarENpxbmlRgPHFyR1Xv2bsSjQBm5dcOtd16ONb40/vOqck8L99NHpI+C9MXQ+SZ8f+yw==}
    peerDependencies:
      mobx: ^4.13.1 || ^5.13.1

  mobx@5.15.7:
    resolution: {integrity: sha512-wyM3FghTkhmC+hQjyPGGFdpehrcX1KOXsDuERhfK2YbJemkUhEB+6wzEN639T21onxlfYBmriA1PFnvxTUhcKw==}

  mousetrap@1.6.5:
    resolution: {integrity: sha512-QNo4kEepaIBwiT8CDhP98umTetp+JNfQYBWvC1pc6/OAibuXtRcxZ58Qz8skvEHYvURne/7R8T5VoOI7rDsEUA==}

  nanoid@3.3.9:
    resolution: {integrity: sha512-SppoicMGpZvbF1l3z4x7No3OlIjP7QJvC9XR7AhZr1kL133KHnKPztkKDc+Ir4aJ/1VhTySrtKhrsycmrMQfvg==}
    engines: {node: ^10 || ^12 || ^13.7 || ^14 || >=15.0.1}
    hasBin: true

  picocolors@1.1.1:
    resolution: {integrity: sha512-xceH2snhtb5M9liqDsmEw56le376mTZkEX/jEb/RxNFyegNul7eNslCXP9FDj/Lcu0X8KEyMceP2ntpaHrDEVA==}

  postcss@8.5.3:
    resolution: {integrity: sha512-dle9A3yYxlBSrt8Fu+IpjGT8SY8hN0mlaA6GY8t0P5PjIOZemULz/E2Bnm/2dcUOena75OTNkHI76uZBNUUq3A==}
    engines: {node: ^10 || ^12 || >=14}

  preact@10.26.4:
    resolution: {integrity: sha512-KJhO7LBFTjP71d83trW+Ilnjbo+ySsaAgCfXOXUlmGzJ4ygYPWmysm77yg4emwfmoz3b22yvH5IsVFHbhUaH5w==}

  proxy-from-env@1.1.0:
    resolution: {integrity: sha512-D+zkORCbA9f1tdWRK0RaCR3GPv50cMxcrz4X8k5LTSUD1Dkw47mKJEZQNunItRTkWwgtaUSo1RVFRIG9ZXiFYg==}

  rangy@1.3.2:
    resolution: {integrity: sha512-fS1C4MOyk8T+ZJZdLcgrukPWxkyDXa+Hd2Kj+Zg4wIK71yrWgmjzHubzPMY1G+WD9EgGxMp3fIL0zQ1ickmSWA==}

  source-map-js@1.2.1:
    resolution: {integrity: sha512-UXWMKhLOwVKb728IUtQPXxfYU+usdybtUrK/8uGE8CQMvrhOpwvzDBwj0QhSL7MQc7vIsISBG8VQ8+IDQxpfQA==}
    engines: {node: '>=0.10.0'}

  tslib@2.3.0:
    resolution: {integrity: sha512-N82ooyxVNm6h1riLCoyS9e3fuJ3AMG2zIZs2Gd1ATcSFjSA23Q0fzjjZeh0jbJvWVDZ0cJT8yaNNaaXHzueNjg==}

  uuid@9.0.1:
    resolution: {integrity: sha512-b+1eJOlsR9K8HJpow9Ok3fiWOWSIcIzXodvv0rQjVoOVNpWMpxf1wZNpt4y9h10odCNrqnYp1OBzRktckBe3sA==}
    hasBin: true

  vanilla-picker@2.12.3:
    resolution: {integrity: sha512-qVkT1E7yMbUsB2mmJNFmaXMWE2hF8ffqzMMwe9zdAikd8u2VfnsVY2HQcOUi2F38bgbxzlJBEdS1UUhOXdF9GQ==}

  vue-demi@0.14.10:
    resolution: {integrity: sha512-nMZBOwuzabUO0nLgIcc6rycZEebF6eeUfaiQx9+WSk8e29IbLvPU9feI6tqW4kTo3hvoYAJkMh8n8D0fuISphg==}
    engines: {node: '>=12'}
    hasBin: true
    peerDependencies:
      '@vue/composition-api': ^1.0.0-rc.1
      vue: ^3.0.0-0 || ^2.6.0
    peerDependenciesMeta:
      '@vue/composition-api':
        optional: true

  vue-router@4.5.0:
    resolution: {integrity: sha512-HDuk+PuH5monfNuY+ct49mNmkCRK4xJAV9Ts4z9UFc4rzdDnxQLyCMGGc8pKhZhHTVzfanpNwB/lwqevcBwI4w==}
    peerDependencies:
      vue: ^3.2.0

  vue@3.5.13:
    resolution: {integrity: sha512-wmeiSMxkZCSc+PM2w2VRsOYAZC8GdipNFRTsLSfodVqI9mbejKeXEGr8SckuLnrQPGe3oJN5c3K0vpoU9q/wCQ==}
    peerDependencies:
      typescript: '*'
    peerDependenciesMeta:
      typescript:
        optional: true

  zrender@5.6.1:
    resolution: {integrity: sha512-OFXkDJKcrlx5su2XbzJvj/34Q3m6PvyCZkVPHGYpcCJ52ek4U/ymZyfuV1nKE23AyBJ51E/6Yr0mhZ7xGTO4ag==}

snapshots:

  '@amap/amap-jsapi-loader@1.0.1': {}

  '@antv/hierarchy@0.6.14': {}

  '@babel/helper-string-parser@7.25.9': {}

  '@babel/helper-validator-identifier@7.25.9': {}

  '@babel/parser@7.26.9':
    dependencies:
      '@babel/types': 7.26.9

  '@babel/types@7.26.9':
    dependencies:
      '@babel/helper-string-parser': 7.25.9
      '@babel/helper-validator-identifier': 7.25.9

  '@cropper/element-canvas@2.0.0':
    dependencies:
      '@cropper/element': 2.0.0
      '@cropper/utils': 2.0.0

  '@cropper/element-crosshair@2.0.0':
    dependencies:
      '@cropper/element': 2.0.0
      '@cropper/utils': 2.0.0

  '@cropper/element-grid@2.0.0':
    dependencies:
      '@cropper/element': 2.0.0
      '@cropper/utils': 2.0.0

  '@cropper/element-handle@2.0.0':
    dependencies:
      '@cropper/element': 2.0.0
      '@cropper/utils': 2.0.0

  '@cropper/element-image@2.0.0':
    dependencies:
      '@cropper/element': 2.0.0
      '@cropper/element-canvas': 2.0.0
      '@cropper/utils': 2.0.0

  '@cropper/element-selection@2.0.0':
    dependencies:
      '@cropper/element': 2.0.0
      '@cropper/element-canvas': 2.0.0
      '@cropper/element-image': 2.0.0
      '@cropper/utils': 2.0.0

  '@cropper/element-shade@2.0.0':
    dependencies:
      '@cropper/element': 2.0.0
      '@cropper/element-canvas': 2.0.0
      '@cropper/element-selection': 2.0.0
      '@cropper/utils': 2.0.0

  '@cropper/element-viewer@2.0.0':
    dependencies:
      '@cropper/element': 2.0.0
      '@cropper/element-canvas': 2.0.0
      '@cropper/element-image': 2.0.0
      '@cropper/element-selection': 2.0.0
      '@cropper/utils': 2.0.0

  '@cropper/element@2.0.0':
    dependencies:
      '@cropper/utils': 2.0.0

  '@cropper/elements@2.0.0':
    dependencies:
      '@cropper/element': 2.0.0
      '@cropper/element-canvas': 2.0.0
      '@cropper/element-crosshair': 2.0.0
      '@cropper/element-grid': 2.0.0
      '@cropper/element-handle': 2.0.0
      '@cropper/element-image': 2.0.0
      '@cropper/element-selection': 2.0.0
      '@cropper/element-shade': 2.0.0
      '@cropper/element-viewer': 2.0.0

  '@cropper/utils@2.0.0': {}

  '@howdyjs/mouse-menu@2.1.6(vue@3.5.13)':
    dependencies:
      vue: 3.5.13

  '@infectoone/vue-ganttastic@2.3.2(dayjs@1.11.13)(vue@3.5.13)':
    dependencies:
      '@vueuse/core': 9.13.0(vue@3.5.13)
      dayjs: 1.11.13
      vue: 3.5.13
    transitivePeerDependencies:
      - '@vue/composition-api'

  '@jridgewell/sourcemap-codec@1.5.0': {}

  '@logicflow/core@2.0.11':
    dependencies:
      classnames: 2.5.1
      lodash-es: 4.17.21
      mobx: 5.15.7
      mobx-preact: 3.0.0(mobx@5.15.7)(preact@10.26.4)
      mobx-utils: 5.6.2(mobx@5.15.7)
      mousetrap: 1.6.5
      preact: 10.26.4
      uuid: 9.0.1

  '@logicflow/extension@2.0.15(@logicflow/core@2.0.11)':
    dependencies:
      '@antv/hierarchy': 0.6.14
      '@logicflow/core': 2.0.11
      classnames: 2.5.1
      lodash-es: 4.17.21
      medium-editor: 5.23.3
      mobx: 5.15.7
      preact: 10.26.4
      rangy: 1.3.2
      vanilla-picker: 2.12.3

  '@sphinxxxx/color-conversion@2.2.2': {}

  '@types/web-bluetooth@0.0.16': {}

  '@vue/compiler-core@3.5.13':
    dependencies:
      '@babel/parser': 7.26.9
      '@vue/shared': 3.5.13
      entities: 4.5.0
      estree-walker: 2.0.2
      source-map-js: 1.2.1

  '@vue/compiler-dom@3.5.13':
    dependencies:
      '@vue/compiler-core': 3.5.13
      '@vue/shared': 3.5.13

  '@vue/compiler-sfc@3.5.13':
    dependencies:
      '@babel/parser': 7.26.9
      '@vue/compiler-core': 3.5.13
      '@vue/compiler-dom': 3.5.13
      '@vue/compiler-ssr': 3.5.13
      '@vue/shared': 3.5.13
      estree-walker: 2.0.2
      magic-string: 0.30.17
      postcss: 8.5.3
      source-map-js: 1.2.1

  '@vue/compiler-ssr@3.5.13':
    dependencies:
      '@vue/compiler-dom': 3.5.13
      '@vue/shared': 3.5.13

  '@vue/devtools-api@6.6.4': {}

  '@vue/reactivity@3.5.13':
    dependencies:
      '@vue/shared': 3.5.13

  '@vue/runtime-core@3.5.13':
    dependencies:
      '@vue/reactivity': 3.5.13
      '@vue/shared': 3.5.13

  '@vue/runtime-dom@3.5.13':
    dependencies:
      '@vue/reactivity': 3.5.13
      '@vue/runtime-core': 3.5.13
      '@vue/shared': 3.5.13
      csstype: 3.1.3

  '@vue/server-renderer@3.5.13(vue@3.5.13)':
    dependencies:
      '@vue/compiler-ssr': 3.5.13
      '@vue/shared': 3.5.13
      vue: 3.5.13

  '@vue/shared@3.5.13': {}

  '@vueuse/core@9.13.0(vue@3.5.13)':
    dependencies:
      '@types/web-bluetooth': 0.0.16
      '@vueuse/metadata': 9.13.0
      '@vueuse/shared': 9.13.0(vue@3.5.13)
      vue-demi: 0.14.10(vue@3.5.13)
    transitivePeerDependencies:
      - '@vue/composition-api'
      - vue

  '@vueuse/metadata@9.13.0': {}

  '@vueuse/shared@9.13.0(vue@3.5.13)':
    dependencies:
      vue-demi: 0.14.10(vue@3.5.13)
    transitivePeerDependencies:
      - '@vue/composition-api'
      - vue

  animate.css@4.1.1: {}

  asynckit@0.4.0: {}

  axios@1.8.2:
    dependencies:
      follow-redirects: 1.15.9
      form-data: 4.0.2
      proxy-from-env: 1.1.0
    transitivePeerDependencies:
      - debug

  call-bind-apply-helpers@1.0.2:
    dependencies:
      es-errors: 1.3.0
      function-bind: 1.1.2

  classnames@2.5.1: {}

  combined-stream@1.0.8:
    dependencies:
      delayed-stream: 1.0.0

  cropperjs@2.0.0:
    dependencies:
      '@cropper/elements': 2.0.0
      '@cropper/utils': 2.0.0

  csstype@3.1.3: {}

  dayjs@1.11.13: {}

  delayed-stream@1.0.0: {}

  dunder-proto@1.0.1:
    dependencies:
      call-bind-apply-helpers: 1.0.2
      es-errors: 1.3.0
      gopd: 1.2.0

  echarts@5.6.0:
    dependencies:
      tslib: 2.3.0
      zrender: 5.6.1

  entities@4.5.0: {}

  es-define-property@1.0.1: {}

  es-errors@1.3.0: {}

  es-object-atoms@1.1.1:
    dependencies:
      es-errors: 1.3.0

  es-set-tostringtag@2.1.0:
    dependencies:
      es-errors: 1.3.0
      get-intrinsic: 1.3.0
      has-tostringtag: 1.0.2
      hasown: 2.0.2

  estree-walker@2.0.2: {}

  follow-redirects@1.15.9: {}

  form-data@4.0.2:
    dependencies:
      asynckit: 0.4.0
      combined-stream: 1.0.8
      es-set-tostringtag: 2.1.0
      mime-types: 2.1.35

  function-bind@1.1.2: {}

  get-intrinsic@1.3.0:
    dependencies:
      call-bind-apply-helpers: 1.0.2
      es-define-property: 1.0.1
      es-errors: 1.3.0
      es-object-atoms: 1.1.1
      function-bind: 1.1.2
      get-proto: 1.0.1
      gopd: 1.2.0
      has-symbols: 1.1.0
      hasown: 2.0.2
      math-intrinsics: 1.1.0

  get-proto@1.0.1:
    dependencies:
      dunder-proto: 1.0.1
      es-object-atoms: 1.1.1

  gopd@1.2.0: {}

  has-symbols@1.1.0: {}

  has-tostringtag@1.0.2:
    dependencies:
      has-symbols: 1.1.0

  hasown@2.0.2:
    dependencies:
      function-bind: 1.1.2

  hoist-non-react-statics@2.5.5: {}

  lodash-es@4.17.21: {}

  magic-string@0.30.17:
    dependencies:
      '@jridgewell/sourcemap-codec': 1.5.0

  math-intrinsics@1.1.0: {}

  medium-editor@5.23.3: {}

  mime-db@1.52.0: {}

  mime-types@2.1.35:
    dependencies:
      mime-db: 1.52.0

  mobx-preact@3.0.0(mobx@5.15.7)(preact@10.26.4):
    dependencies:
      hoist-non-react-statics: 2.5.5
      mobx: 5.15.7
      preact: 10.26.4

  mobx-utils@5.6.2(mobx@5.15.7):
    dependencies:
      mobx: 5.15.7

  mobx@5.15.7: {}

  mousetrap@1.6.5: {}

  nanoid@3.3.9: {}

  picocolors@1.1.1: {}

  postcss@8.5.3:
    dependencies:
      nanoid: 3.3.9
      picocolors: 1.1.1
      source-map-js: 1.2.1

  preact@10.26.4: {}

  proxy-from-env@1.1.0: {}

  rangy@1.3.2: {}

  source-map-js@1.2.1: {}

  tslib@2.3.0: {}

  uuid@9.0.1: {}

  vanilla-picker@2.12.3:
    dependencies:
      '@sphinxxxx/color-conversion': 2.2.2

  vue-demi@0.14.10(vue@3.5.13):
    dependencies:
      vue: 3.5.13

  vue-router@4.5.0(vue@3.5.13):
    dependencies:
      '@vue/devtools-api': 6.6.4
      vue: 3.5.13

  vue@3.5.13:
    dependencies:
      '@vue/compiler-dom': 3.5.13
      '@vue/compiler-sfc': 3.5.13
      '@vue/runtime-dom': 3.5.13
      '@vue/server-renderer': 3.5.13(vue@3.5.13)
      '@vue/shared': 3.5.13

  zrender@5.6.1:
    dependencies:
      tslib: 2.3.0
